{
  "version": 4,
  "terraform_version": "1.8.5",
  "serial": 51,
  "lineage": "8a3af83f-8c35-41cf-e2a5-d842c009b84d",
  "outputs": {
    "team": {
      "value": [
        {
          "admin_repositories": [],
          "description": "",
          "id": "11320197",
          "ldap_dn": null,
          "maintainers": [],
          "members": [],
          "name": "Engineering",
          "parent_team_id": null,
          "privacy": "closed",
          "pull_repositories": [],
          "push_repositories": [],
          "slug": "engineering",
          "team": {
            "create_default_maintainer": false,
            "description": "",
            "etag": "W/\"b810e6ad2fd0a9c67153c6b745ad0cd7118b0c39120a67833e1b64a4548c83bb\"",
            "id": "11320197",
            "ldap_dn": "",
            "members_count": 0,
            "name": "Engineering",
            "node_id": "T_kwDOCxImPM4ArLuF",
            "parent_team_id": null,
            "privacy": "closed",
            "slug": "engineering"
          },
          "team_memberships": {},
          "team_name": "Engineering",
          "team_repositories": {}
        },
        {
          "admin_repositories": [
            "test-repository02"
          ],
          "description": "",
          "id": "11320289",
          "ldap_dn": null,
          "maintainers": [],
          "members": [
            "hulkong2",
            "rednine9777"
          ],
          "name": "DevOps",
          "parent_team_id": null,
          "privacy": "secret",
          "pull_repositories": [],
          "push_repositories": [],
          "slug": "devops",
          "team": {
            "create_default_maintainer": false,
            "description": "",
            "etag": "W/\"2d675d93732cfd4932f652bf12745cffcfe617a2eb574823af75b5ea5000e377\"",
            "id": "11320289",
            "ldap_dn": "",
            "members_count": 0,
            "name": "DevOps",
            "node_id": "T_kwDOCxImPM4ArLvh",
            "parent_team_id": null,
            "privacy": "secret",
            "slug": "devops"
          },
          "team_memberships": {
            "hulkong2": {
              "etag": "W/\"21defe0d4f006d3e66be285fa72da6dee980763012a71bdd6aa39570fe6e7e39\"",
              "id": "11320289:hulkong2",
              "role": "member",
              "team_id": "11320289",
              "username": "hulkong2"
            },
            "rednine9777": {
              "etag": "W/\"09295cf2b03e3ef2b26ba8319751f72296e9dbc04a3aa8719f4b8a20fd68ae50\"",
              "id": "11320289:rednine9777",
              "role": "member",
              "team_id": "11320289",
              "username": "rednine9777"
            }
          },
          "team_name": "DevOps",
          "team_repositories": {
            "test-repository02": {
              "etag": "W/\"c3e5028904fe2fc758b2baaca1ae0ff5ca4ce14c2ecc96fe5d86f1035b98f4b8\"",
              "id": "11320289:test-repository02",
              "permission": "admin",
              "repository": "test-repository02",
              "team_id": "11320289"
            }
          }
        },
        {
          "admin_repositories": [],
          "description": "",
          "id": "11320195",
          "ldap_dn": null,
          "maintainers": [],
          "members": [],
          "name": "Backend",
          "parent_team_id": null,
          "privacy": "closed",
          "pull_repositories": [],
          "push_repositories": [],
          "slug": "backend",
          "team": {
            "create_default_maintainer": false,
            "description": "",
            "etag": "W/\"b2cf9c8c142b7cce44352a3cb79d37a6b95e3f4f422c408fc719805cdfebd8fd\"",
            "id": "11320195",
            "ldap_dn": "",
            "members_count": 0,
            "name": "Backend",
            "node_id": "T_kwDOCxImPM4ArLuD",
            "parent_team_id": null,
            "privacy": "closed",
            "slug": "backend"
          },
          "team_memberships": {},
          "team_name": "Backend",
          "team_repositories": {}
        },
        {
          "admin_repositories": [],
          "description": "",
          "id": "11320208",
          "ldap_dn": null,
          "maintainers": [],
          "members": [],
          "name": "Backend Manager",
          "parent_team_id": 11320195,
          "privacy": "closed",
          "pull_repositories": [],
          "push_repositories": [],
          "slug": "backend-manager",
          "team": {
            "create_default_maintainer": false,
            "description": "",
            "etag": "W/\"e4b05446975f3179c9d63eadec368e0c97722bf51772109d3a3c5ee7f652838d\"",
            "id": "11320208",
            "ldap_dn": "",
            "members_count": 0,
            "name": "Backend Manager",
            "node_id": "T_kwDOCxImPM4ArLuQ",
            "parent_team_id": 11320195,
            "privacy": "closed",
            "slug": "backend-manager"
          },
          "team_memberships": {},
          "team_name": "Backend Manager",
          "team_repositories": {}
        },
        {
          "admin_repositories": [],
          "description": "",
          "id": "11320196",
          "ldap_dn": null,
          "maintainers": [],
          "members": [],
          "name": "Frontend",
          "parent_team_id": null,
          "privacy": "secret",
          "pull_repositories": [],
          "push_repositories": [],
          "slug": "frontend",
          "team": {
            "create_default_maintainer": false,
            "description": "",
            "etag": "W/\"150a4875881d15549beb14b6922b2548fec03d044899cf6abe72a63e38aed1e2\"",
            "id": "11320196",
            "ldap_dn": "",
            "members_count": 0,
            "name": "Frontend",
            "node_id": "T_kwDOCxImPM4ArLuE",
            "parent_team_id": null,
            "privacy": "secret",
            "slug": "frontend"
          },
          "team_memberships": {},
          "team_name": "Frontend",
          "team_repositories": {}
        },
        {
          "admin_repositories": [],
          "description": "",
          "id": "11320191",
          "ldap_dn": null,
          "maintainers": [],
          "members": [],
          "name": "Partner",
          "parent_team_id": null,
          "privacy": "secret",
          "pull_repositories": [],
          "push_repositories": [],
          "slug": "partner",
          "team": {
            "create_default_maintainer": false,
            "description": "",
            "etag": "W/\"acfda7f8a7a056f9fa0cf2a9c27f2eec7c4d1a413e4dea1535fc358ff657b4cb\"",
            "id": "11320191",
            "ldap_dn": "",
            "members_count": 0,
            "name": "Partner",
            "node_id": "T_kwDOCxImPM4ArLt_",
            "parent_team_id": null,
            "privacy": "secret",
            "slug": "partner"
          },
          "team_memberships": {},
          "team_name": "Partner",
          "team_repositories": {}
        }
      ],
      "type": [
        "tuple",
        [
          [
            "object",
            {
              "admin_repositories": [
                "set",
                "string"
              ],
              "description": "string",
              "id": "string",
              "ldap_dn": "string",
              "maintainers": [
                "set",
                "string"
              ],
              "members": [
                "set",
                "string"
              ],
              "name": "string",
              "parent_team_id": "number",
              "privacy": "string",
              "pull_repositories": [
                "set",
                "string"
              ],
              "push_repositories": [
                "set",
                "string"
              ],
              "slug": "string",
              "team": [
                "object",
                {
                  "create_default_maintainer": "bool",
                  "description": "string",
                  "etag": "string",
                  "id": "string",
                  "ldap_dn": "string",
                  "members_count": "number",
                  "name": "string",
                  "node_id": "string",
                  "parent_team_id": "number",
                  "privacy": "string",
                  "slug": "string"
                }
              ],
              "team_memberships": [
                "object",
                {}
              ],
              "team_name": "string",
              "team_repositories": [
                "object",
                {}
              ]
            }
          ],
          [
            "object",
            {
              "admin_repositories": [
                "set",
                "string"
              ],
              "description": "string",
              "id": "string",
              "ldap_dn": "string",
              "maintainers": [
                "set",
                "string"
              ],
              "members": [
                "set",
                "string"
              ],
              "name": "string",
              "parent_team_id": "number",
              "privacy": "string",
              "pull_repositories": [
                "set",
                "string"
              ],
              "push_repositories": [
                "set",
                "string"
              ],
              "slug": "string",
              "team": [
                "object",
                {
                  "create_default_maintainer": "bool",
                  "description": "string",
                  "etag": "string",
                  "id": "string",
                  "ldap_dn": "string",
                  "members_count": "number",
                  "name": "string",
                  "node_id": "string",
                  "parent_team_id": "number",
                  "privacy": "string",
                  "slug": "string"
                }
              ],
              "team_memberships": [
                "object",
                {
                  "hulkong2": [
                    "object",
                    {
                      "etag": "string",
                      "id": "string",
                      "role": "string",
                      "team_id": "string",
                      "username": "string"
                    }
                  ],
                  "rednine9777": [
                    "object",
                    {
                      "etag": "string",
                      "id": "string",
                      "role": "string",
                      "team_id": "string",
                      "username": "string"
                    }
                  ]
                }
              ],
              "team_name": "string",
              "team_repositories": [
                "object",
                {
                  "test-repository02": [
                    "object",
                    {
                      "etag": "string",
                      "id": "string",
                      "permission": "string",
                      "repository": "string",
                      "team_id": "string"
                    }
                  ]
                }
              ]
            }
          ],
          [
            "object",
            {
              "admin_repositories": [
                "set",
                "string"
              ],
              "description": "string",
              "id": "string",
              "ldap_dn": "string",
              "maintainers": [
                "set",
                "string"
              ],
              "members": [
                "set",
                "string"
              ],
              "name": "string",
              "parent_team_id": "number",
              "privacy": "string",
              "pull_repositories": [
                "set",
                "string"
              ],
              "push_repositories": [
                "set",
                "string"
              ],
              "slug": "string",
              "team": [
                "object",
                {
                  "create_default_maintainer": "bool",
                  "description": "string",
                  "etag": "string",
                  "id": "string",
                  "ldap_dn": "string",
                  "members_count": "number",
                  "name": "string",
                  "node_id": "string",
                  "parent_team_id": "number",
                  "privacy": "string",
                  "slug": "string"
                }
              ],
              "team_memberships": [
                "object",
                {}
              ],
              "team_name": "string",
              "team_repositories": [
                "object",
                {}
              ]
            }
          ],
          [
            "object",
            {
              "admin_repositories": [
                "set",
                "string"
              ],
              "description": "string",
              "id": "string",
              "ldap_dn": "string",
              "maintainers": [
                "set",
                "string"
              ],
              "members": [
                "set",
                "string"
              ],
              "name": "string",
              "parent_team_id": "number",
              "privacy": "string",
              "pull_repositories": [
                "set",
                "string"
              ],
              "push_repositories": [
                "set",
                "string"
              ],
              "slug": "string",
              "team": [
                "object",
                {
                  "create_default_maintainer": "bool",
                  "description": "string",
                  "etag": "string",
                  "id": "string",
                  "ldap_dn": "string",
                  "members_count": "number",
                  "name": "string",
                  "node_id": "string",
                  "parent_team_id": "number",
                  "privacy": "string",
                  "slug": "string"
                }
              ],
              "team_memberships": [
                "object",
                {}
              ],
              "team_name": "string",
              "team_repositories": [
                "object",
                {}
              ]
            }
          ],
          [
            "object",
            {
              "admin_repositories": [
                "set",
                "string"
              ],
              "description": "string",
              "id": "string",
              "ldap_dn": "string",
              "maintainers": [
                "set",
                "string"
              ],
              "members": [
                "set",
                "string"
              ],
              "name": "string",
              "parent_team_id": "number",
              "privacy": "string",
              "pull_repositories": [
                "set",
                "string"
              ],
              "push_repositories": [
                "set",
                "string"
              ],
              "slug": "string",
              "team": [
                "object",
                {
                  "create_default_maintainer": "bool",
                  "description": "string",
                  "etag": "string",
                  "id": "string",
                  "ldap_dn": "string",
                  "members_count": "number",
                  "name": "string",
                  "node_id": "string",
                  "parent_team_id": "number",
                  "privacy": "string",
                  "slug": "string"
                }
              ],
              "team_memberships": [
                "object",
                {}
              ],
              "team_name": "string",
              "team_repositories": [
                "object",
                {}
              ]
            }
          ],
          [
            "object",
            {
              "admin_repositories": [
                "set",
                "string"
              ],
              "description": "string",
              "id": "string",
              "ldap_dn": "string",
              "maintainers": [
                "set",
                "string"
              ],
              "members": [
                "set",
                "string"
              ],
              "name": "string",
              "parent_team_id": "number",
              "privacy": "string",
              "pull_repositories": [
                "set",
                "string"
              ],
              "push_repositories": [
                "set",
                "string"
              ],
              "slug": "string",
              "team": [
                "object",
                {
                  "create_default_maintainer": "bool",
                  "description": "string",
                  "etag": "string",
                  "id": "string",
                  "ldap_dn": "string",
                  "members_count": "number",
                  "name": "string",
                  "node_id": "string",
                  "parent_team_id": "number",
                  "privacy": "string",
                  "slug": "string"
                }
              ],
              "team_memberships": [
                "object",
                {}
              ],
              "team_name": "string",
              "team_repositories": [
                "object",
                {}
              ]
            }
          ]
        ]
      ]
    }
  },
  "resources": [
    {
      "module": "module.organization",
      "mode": "managed",
      "type": "github_membership",
      "name": "membership",
      "provider": "provider[\"registry.terraform.io/hashicorp/github\"]",
      "instances": [
        {
          "index_key": "hulkong",
          "schema_version": 0,
          "attributes": {
            "etag": "W/\"25890d22e1fedca8583e36af45a9f459ddf5c45a9ad852d5fa5c974e3c83f060\"",
            "id": "HongGoogle:hulkong",
            "role": "admin",
            "username": "hulkong"
          },
          "sensitive_attributes": [],
          "private": "bnVsbA=="
        },
        {
          "index_key": "hulkong2",
          "schema_version": 0,
          "attributes": {
            "etag": "W/\"a3863eac0e3d176fd5cc4d8c9c5a315531cc2c66067ad932da4189e6925eea48\"",
            "id": "HongGoogle:hulkong2",
            "role": "admin",
            "username": "hulkong2"
          },
          "sensitive_attributes": [],
          "private": "bnVsbA=="
        },
        {
          "index_key": "rednine9777",
          "schema_version": 0,
          "attributes": {
            "etag": "W/\"b18abfabbcb92a87d069d607eb54d382cdefb87d048f1db0083b39ddb476d40b\"",
            "id": "HongGoogle:rednine9777",
            "role": "admin",
            "username": "rednine9777"
          },
          "sensitive_attributes": [],
          "private": "bnVsbA=="
        }
      ]
    },
    {
      "module": "module.organization",
      "mode": "managed",
      "type": "github_team",
      "name": "all",
      "provider": "provider[\"registry.terraform.io/hashicorp/github\"]",
      "instances": [
        {
          "index_key": 0,
          "schema_version": 0,
          "attributes": {
            "create_default_maintainer": false,
            "description": "This teams contains all members of our organization.",
            "etag": "W/\"5d5a8ed6e96f17f0d07d8fc2c47974661c0df63a812d1f86fd2eefb2df15b02a\"",
            "id": "11320193",
            "ldap_dn": "",
            "members_count": 0,
            "name": "everyone",
            "node_id": "T_kwDOCxImPM4ArLuB",
            "parent_team_id": null,
            "privacy": "closed",
            "slug": "everyone"
          },
          "sensitive_attributes": [],
          "private": "bnVsbA=="
        }
      ]
    },
    {
      "module": "module.organization",
      "mode": "managed",
      "type": "github_team_membership",
      "name": "all",
      "provider": "provider[\"registry.terraform.io/hashicorp/github\"]",
      "instances": [
        {
          "index_key": "hulkong",
          "schema_version": 0,
          "attributes": {
            "etag": "W/\"89561cf85312f7cc05ec4c62929ce99f63f4b1eaa4f577d35aaafa79aed7c3bd\"",
            "id": "11320193:hulkong",
            "role": "member",
            "team_id": "11320193",
            "username": "hulkong"
          },
          "sensitive_attributes": [],
          "private": "bnVsbA==",
          "dependencies": [
            "module.organization.github_team.all"
          ]
        },
        {
          "index_key": "hulkong2",
          "schema_version": 0,
          "attributes": {
            "etag": "W/\"106e3bdcf201a5154aec70c1254089a6de3c556435e78ade967f12a6c048c684\"",
            "id": "11320193:hulkong2",
            "role": "member",
            "team_id": "11320193",
            "username": "hulkong2"
          },
          "sensitive_attributes": [],
          "private": "bnVsbA==",
          "dependencies": [
            "module.organization.github_team.all"
          ]
        },
        {
          "index_key": "rednine9777",
          "schema_version": 0,
          "attributes": {
            "etag": "W/\"dbce8ca78b762189baf17f40217b8f6d04ba56be8cd1b509cdaeca0263e8e4db\"",
            "id": "11320193:rednine9777",
            "role": "member",
            "team_id": "11320193",
            "username": "rednine9777"
          },
          "sensitive_attributes": [],
          "private": "bnVsbA==",
          "dependencies": [
            "module.organization.github_team.all"
          ]
        }
      ]
    },
    {
      "module": "module.repository-part03-08-senario",
      "mode": "managed",
      "type": "github_issue_label",
      "name": "label",
      "provider": "provider[\"registry.terraform.io/hashicorp/github\"]",
      "instances": [
        {
          "index_key": "bug",
          "schema_version": 0,
          "attributes": {
            "color": "d73a4a",
            "description": "Something isn't working",
            "etag": "W/\"588e6272ca95ec7216a5aa196d300bc7c2951d6f42662381596378341487cef1\"",
            "id": "test-repository01:bug",
            "name": "bug",
            "repository": "test-repository01",
            "url": "https://api.github.com/repos/HongGoogle/test-repository01/labels/bug"
          },
          "sensitive_attributes": [],
          "private": "bnVsbA==",
          "dependencies": [
            "module.repository-part03-08-senario.github_repository.repository"
          ]
        },
        {
          "index_key": "documentation",
          "schema_version": 0,
          "attributes": {
            "color": "0075ca",
            "description": "Improvements or additions to documentation",
            "etag": "W/\"d9b68391c3558c6ea2fa96d69a54cf86e235f8f1c3bbd095f8afcce346c585d7\"",
            "id": "test-repository01:documentation",
            "name": "documentation",
            "repository": "test-repository01",
            "url": "https://api.github.com/repos/HongGoogle/test-repository01/labels/documentation"
          },
          "sensitive_attributes": [],
          "private": "bnVsbA==",
          "dependencies": [
            "module.repository-part03-08-senario.github_repository.repository"
          ]
        },
        {
          "index_key": "duplicate",
          "schema_version": 0,
          "attributes": {
            "color": "cfd3d7",
            "description": "This issue or pull request already exists",
            "etag": "W/\"09db6f5ea38aa9fd2669d5c946ba20ac75af4eb2fa30cf29e3af5a92695c20a8\"",
            "id": "test-repository01:duplicate",
            "name": "duplicate",
            "repository": "test-repository01",
            "url": "https://api.github.com/repos/HongGoogle/test-repository01/labels/duplicate"
          },
          "sensitive_attributes": [],
          "private": "bnVsbA==",
          "dependencies": [
            "module.repository-part03-08-senario.github_repository.repository"
          ]
        },
        {
          "index_key": "enhancement",
          "schema_version": 0,
          "attributes": {
            "color": "a2eeef",
            "description": "New feature or request",
            "etag": "W/\"9c66a81868367f80fc39b91d3dad00ac5f9d0c4cb78348997ae9128334dce3ed\"",
            "id": "test-repository01:enhancement",
            "name": "enhancement",
            "repository": "test-repository01",
            "url": "https://api.github.com/repos/HongGoogle/test-repository01/labels/enhancement"
          },
          "sensitive_attributes": [],
          "private": "bnVsbA==",
          "dependencies": [
            "module.repository-part03-08-senario.github_repository.repository"
          ]
        },
        {
          "index_key": "good first issue",
          "schema_version": 0,
          "attributes": {
            "color": "7057ff",
            "description": "Good for newcomers",
            "etag": "W/\"3f64ac7f89704983be3901b6a96efbae7e43e0d0e794fe4137cc25167d0a1c28\"",
            "id": "test-repository01:good first issue",
            "name": "good first issue",
            "repository": "test-repository01",
            "url": "https://api.github.com/repos/HongGoogle/test-repository01/labels/good%20first%20issue"
          },
          "sensitive_attributes": [],
          "private": "bnVsbA==",
          "dependencies": [
            "module.repository-part03-08-senario.github_repository.repository"
          ]
        },
        {
          "index_key": "help wanted",
          "schema_version": 0,
          "attributes": {
            "color": "008672",
            "description": "Extra attention is needed",
            "etag": "W/\"3478659343272cbbefbd1ba8ce9b462bfb3ef8572fcf4f191adc3e2155a6821d\"",
            "id": "test-repository01:help wanted",
            "name": "help wanted",
            "repository": "test-repository01",
            "url": "https://api.github.com/repos/HongGoogle/test-repository01/labels/help%20wanted"
          },
          "sensitive_attributes": [],
          "private": "bnVsbA==",
          "dependencies": [
            "module.repository-part03-08-senario.github_repository.repository"
          ]
        },
        {
          "index_key": "invalid",
          "schema_version": 0,
          "attributes": {
            "color": "e4e669",
            "description": "This doesn't seem right",
            "etag": "W/\"13ae2af36056f91afc9f17eaaf0e00c6737303b6b24bc94e5e109bc7cb295af9\"",
            "id": "test-repository01:invalid",
            "name": "invalid",
            "repository": "test-repository01",
            "url": "https://api.github.com/repos/HongGoogle/test-repository01/labels/invalid"
          },
          "sensitive_attributes": [],
          "private": "bnVsbA==",
          "dependencies": [
            "module.repository-part03-08-senario.github_repository.repository"
          ]
        },
        {
          "index_key": "question",
          "schema_version": 0,
          "attributes": {
            "color": "d876e3",
            "description": "Further information is requested",
            "etag": "W/\"70b28ce850ba0ad78173a9a39df3d47625b404eb3201f6c75e8e584b14793002\"",
            "id": "test-repository01:question",
            "name": "question",
            "repository": "test-repository01",
            "url": "https://api.github.com/repos/HongGoogle/test-repository01/labels/question"
          },
          "sensitive_attributes": [],
          "private": "bnVsbA==",
          "dependencies": [
            "module.repository-part03-08-senario.github_repository.repository"
          ]
        },
        {
          "index_key": "wontfix",
          "schema_version": 0,
          "attributes": {
            "color": "ffffff",
            "description": "This will not be worked on",
            "etag": "W/\"a18bf00a4eb1a5397c295c775bfb954cdfad3940cdfdbd8173f24ddd6c2d0a1f\"",
            "id": "test-repository01:wontfix",
            "name": "wontfix",
            "repository": "test-repository01",
            "url": "https://api.github.com/repos/HongGoogle/test-repository01/labels/wontfix"
          },
          "sensitive_attributes": [],
          "private": "bnVsbA==",
          "dependencies": [
            "module.repository-part03-08-senario.github_repository.repository"
          ]
        }
      ]
    },
    {
      "module": "module.repository-part03-08-senario",
      "mode": "managed",
      "type": "github_repository",
      "name": "repository",
      "provider": "provider[\"registry.terraform.io/hashicorp/github\"]",
      "instances": [
        {
          "schema_version": 0,
          "attributes": {
            "allow_auto_merge": false,
            "allow_merge_commit": true,
            "allow_rebase_merge": true,
            "allow_squash_merge": true,
            "archive_on_destroy": true,
            "archived": false,
            "auto_init": true,
            "branches": [
              {
                "name": "main",
                "protected": false
              }
            ],
            "default_branch": "main",
            "delete_branch_on_merge": true,
            "description": "",
            "etag": "W/\"2e4a9e9ce1cb2c025a58c7b1eeddc34e0a1944d4895970afdbfd17fc127dbcbf\"",
            "full_name": "HongGoogle/test-repository01",
            "git_clone_url": "git://github.com/HongGoogle/test-repository01.git",
            "gitignore_template": "",
            "has_downloads": true,
            "has_issues": true,
            "has_projects": true,
            "has_wiki": true,
            "homepage_url": "",
            "html_url": "https://github.com/HongGoogle/test-repository01",
            "http_clone_url": "https://github.com/HongGoogle/test-repository01.git",
            "id": "test-repository01",
            "ignore_vulnerability_alerts_during_read": null,
            "is_template": false,
            "license_template": "",
            "merge_commit_message": "PR_TITLE",
            "merge_commit_title": "MERGE_MESSAGE",
            "name": "test-repository01",
            "node_id": "R_kgDONDZQYQ",
            "pages": [],
            "private": true,
            "repo_id": 875974753,
            "squash_merge_commit_message": "COMMIT_MESSAGES",
            "squash_merge_commit_title": "COMMIT_OR_PR_TITLE",
            "ssh_clone_url": "git@github.com:HongGoogle/test-repository01.git",
            "svn_url": "https://github.com/HongGoogle/test-repository01",
            "template": [],
            "topics": null,
            "visibility": "private",
            "vulnerability_alerts": false
          },
          "sensitive_attributes": [],
          "private": "bnVsbA=="
        }
      ]
    },
    {
      "module": "module.repository-part03-08-senario-example",
      "mode": "managed",
      "type": "github_branch_protection_v3",
      "name": "branch_protection",
      "provider": "provider[\"registry.terraform.io/hashicorp/github\"]",
      "instances": [
        {
          "index_key": 0,
          "schema_version": 0,
          "attributes": {
            "branch": "main",
            "enforce_admins": false,
            "etag": "W/\"f58e9709cf6dedbe489aad23827d65c90994ded8a78483d90c4e74b58c476a8e\"",
            "id": "test-repository02:main",
            "repository": "test-repository02",
            "require_conversation_resolution": false,
            "require_signed_commits": false,
            "required_pull_request_reviews": [
              {
                "dismiss_stale_reviews": false,
                "dismissal_teams": [
                  "backend-manager"
                ],
                "dismissal_users": [],
                "include_admins": false,
                "require_code_owner_reviews": false,
                "required_approving_review_count": 1
              }
            ],
            "required_status_checks": [],
            "restrictions": [
              {
                "apps": [],
                "teams": [
                  "backend"
                ],
                "users": []
              }
            ]
          },
          "sensitive_attributes": [],
          "private": "bnVsbA==",
          "dependencies": [
            "module.repository-part03-08-senario-example.github_repository.repository",
            "module.repository-part03-08-senario-example.github_repository_collaborator.collaborator",
            "module.repository-part03-08-senario-example.github_team_repository.team_repository",
            "module.repository-part03-08-senario-example.github_team_repository.team_repository_by_slug"
          ]
        }
      ]
    },
    {
      "module": "module.repository-part03-08-senario-example",
      "mode": "managed",
      "type": "github_issue_label",
      "name": "label",
      "provider": "provider[\"registry.terraform.io/hashicorp/github\"]",
      "instances": [
        {
          "index_key": "bug",
          "schema_version": 0,
          "attributes": {
            "color": "d73a4a",
            "description": "Something isn't working",
            "etag": "W/\"6a291b52a37f1f7c766f35ec692ae9dd4ab6c6c54fe48d00b159098c36a9cf08\"",
            "id": "test-repository02:bug",
            "name": "bug",
            "repository": "test-repository02",
            "url": "https://api.github.com/repos/HongGoogle/test-repository02/labels/bug"
          },
          "sensitive_attributes": [],
          "private": "bnVsbA==",
          "dependencies": [
            "module.repository-part03-08-senario-example.github_repository.repository"
          ]
        },
        {
          "index_key": "documentation",
          "schema_version": 0,
          "attributes": {
            "color": "0075ca",
            "description": "Improvements or additions to documentation",
            "etag": "W/\"fff3d1d8c7bed595ee2ffcc3e81bafa252d08aea5683939c80938b639c3bdfb6\"",
            "id": "test-repository02:documentation",
            "name": "documentation",
            "repository": "test-repository02",
            "url": "https://api.github.com/repos/HongGoogle/test-repository02/labels/documentation"
          },
          "sensitive_attributes": [],
          "private": "bnVsbA==",
          "dependencies": [
            "module.repository-part03-08-senario-example.github_repository.repository"
          ]
        },
        {
          "index_key": "duplicate",
          "schema_version": 0,
          "attributes": {
            "color": "cfd3d7",
            "description": "This issue or pull request already exists",
            "etag": "W/\"c41284ad5314d6ca72d9598c5c3e4e4150deee0171e0cdda84b5da9b60c405a4\"",
            "id": "test-repository02:duplicate",
            "name": "duplicate",
            "repository": "test-repository02",
            "url": "https://api.github.com/repos/HongGoogle/test-repository02/labels/duplicate"
          },
          "sensitive_attributes": [],
          "private": "bnVsbA==",
          "dependencies": [
            "module.repository-part03-08-senario-example.github_repository.repository"
          ]
        },
        {
          "index_key": "enhancement",
          "schema_version": 0,
          "attributes": {
            "color": "a2eeef",
            "description": "New feature or request",
            "etag": "W/\"de814b60499aa435c8818c152f679ccc623a9c83ec52ff031b21ec950e26979c\"",
            "id": "test-repository02:enhancement",
            "name": "enhancement",
            "repository": "test-repository02",
            "url": "https://api.github.com/repos/HongGoogle/test-repository02/labels/enhancement"
          },
          "sensitive_attributes": [],
          "private": "bnVsbA==",
          "dependencies": [
            "module.repository-part03-08-senario-example.github_repository.repository"
          ]
        },
        {
          "index_key": "good first issue",
          "schema_version": 0,
          "attributes": {
            "color": "7057ff",
            "description": "Good for newcomers",
            "etag": "W/\"d734aa3fe9d0a903a3b4e4b6f413b7bfbda5ce6d4a0d380e1965ad778201a5a8\"",
            "id": "test-repository02:good first issue",
            "name": "good first issue",
            "repository": "test-repository02",
            "url": "https://api.github.com/repos/HongGoogle/test-repository02/labels/good%20first%20issue"
          },
          "sensitive_attributes": [],
          "private": "bnVsbA==",
          "dependencies": [
            "module.repository-part03-08-senario-example.github_repository.repository"
          ]
        },
        {
          "index_key": "help wanted",
          "schema_version": 0,
          "attributes": {
            "color": "008672",
            "description": "Extra attention is needed",
            "etag": "W/\"5c01bfb2be4c791201900fbde75becfd460722358ebfa4834a4825540514a14a\"",
            "id": "test-repository02:help wanted",
            "name": "help wanted",
            "repository": "test-repository02",
            "url": "https://api.github.com/repos/HongGoogle/test-repository02/labels/help%20wanted"
          },
          "sensitive_attributes": [],
          "private": "bnVsbA==",
          "dependencies": [
            "module.repository-part03-08-senario-example.github_repository.repository"
          ]
        },
        {
          "index_key": "invalid",
          "schema_version": 0,
          "attributes": {
            "color": "e4e669",
            "description": "This doesn't seem right",
            "etag": "W/\"4f2f56e1accac5bde50ff5c2a88a580f701e87eda1045700a667b01585d02311\"",
            "id": "test-repository02:invalid",
            "name": "invalid",
            "repository": "test-repository02",
            "url": "https://api.github.com/repos/HongGoogle/test-repository02/labels/invalid"
          },
          "sensitive_attributes": [],
          "private": "bnVsbA==",
          "dependencies": [
            "module.repository-part03-08-senario-example.github_repository.repository"
          ]
        },
        {
          "index_key": "question",
          "schema_version": 0,
          "attributes": {
            "color": "d876e3",
            "description": "Further information is requested",
            "etag": "W/\"31e7709fce9d4e476991f42b89f680e4b1d91ca58a2d87fe99b9c51b8b85634a\"",
            "id": "test-repository02:question",
            "name": "question",
            "repository": "test-repository02",
            "url": "https://api.github.com/repos/HongGoogle/test-repository02/labels/question"
          },
          "sensitive_attributes": [],
          "private": "bnVsbA==",
          "dependencies": [
            "module.repository-part03-08-senario-example.github_repository.repository"
          ]
        },
        {
          "index_key": "wontfix",
          "schema_version": 0,
          "attributes": {
            "color": "ffffff",
            "description": "This will not be worked on",
            "etag": "W/\"564d4b35836b93b4935c04d42294b68db826f81994254920a32db88f73a2cbfe\"",
            "id": "test-repository02:wontfix",
            "name": "wontfix",
            "repository": "test-repository02",
            "url": "https://api.github.com/repos/HongGoogle/test-repository02/labels/wontfix"
          },
          "sensitive_attributes": [],
          "private": "bnVsbA==",
          "dependencies": [
            "module.repository-part03-08-senario-example.github_repository.repository"
          ]
        }
      ]
    },
    {
      "module": "module.repository-part03-08-senario-example",
      "mode": "managed",
      "type": "github_repository",
      "name": "repository",
      "provider": "provider[\"registry.terraform.io/hashicorp/github\"]",
      "instances": [
        {
          "schema_version": 0,
          "attributes": {
            "allow_auto_merge": false,
            "allow_merge_commit": true,
            "allow_rebase_merge": true,
            "allow_squash_merge": true,
            "archive_on_destroy": true,
            "archived": false,
            "auto_init": true,
            "branches": [
              {
                "name": "main",
                "protected": false
              }
            ],
            "default_branch": "main",
            "delete_branch_on_merge": true,
            "description": "",
            "etag": "W/\"e86960030bcd9f497f367daa887d6539059df26fca81d00ded9d8750829a1193\"",
            "full_name": "HongGoogle/test-repository02",
            "git_clone_url": "git://github.com/HongGoogle/test-repository02.git",
            "gitignore_template": "",
            "has_downloads": false,
            "has_issues": true,
            "has_projects": true,
            "has_wiki": true,
            "homepage_url": "",
            "html_url": "https://github.com/HongGoogle/test-repository02",
            "http_clone_url": "https://github.com/HongGoogle/test-repository02.git",
            "id": "test-repository02",
            "ignore_vulnerability_alerts_during_read": null,
            "is_template": false,
            "license_template": "",
            "merge_commit_message": "PR_TITLE",
            "merge_commit_title": "MERGE_MESSAGE",
            "name": "test-repository02",
            "node_id": "R_kgDONDZmWg",
            "pages": [],
            "private": false,
            "repo_id": 875980378,
            "squash_merge_commit_message": "COMMIT_MESSAGES",
            "squash_merge_commit_title": "COMMIT_OR_PR_TITLE",
            "ssh_clone_url": "git@github.com:HongGoogle/test-repository02.git",
            "svn_url": "https://github.com/HongGoogle/test-repository02",
            "template": [],
            "topics": null,
            "visibility": "public",
            "vulnerability_alerts": true
          },
          "sensitive_attributes": [],
          "private": "bnVsbA=="
        }
      ]
    },
    {
      "module": "module.team",
      "mode": "managed",
      "type": "github_team",
      "name": "team",
      "provider": "provider[\"registry.terraform.io/hashicorp/github\"]",
      "instances": [
        {
          "schema_version": 0,
          "attributes": {
            "create_default_maintainer": false,
            "description": "",
            "etag": "W/\"b810e6ad2fd0a9c67153c6b745ad0cd7118b0c39120a67833e1b64a4548c83bb\"",
            "id": "11320197",
            "ldap_dn": "",
            "members_count": 0,
            "name": "Engineering",
            "node_id": "T_kwDOCxImPM4ArLuF",
            "parent_team_id": null,
            "privacy": "closed",
            "slug": "engineering"
          },
          "sensitive_attributes": [],
          "private": "bnVsbA=="
        }
      ]
    },
    {
      "module": "module.team_admin",
      "mode": "managed",
      "type": "github_team",
      "name": "team",
      "provider": "provider[\"registry.terraform.io/hashicorp/github\"]",
      "instances": [
        {
          "schema_version": 0,
          "attributes": {
            "create_default_maintainer": false,
            "description": "",
            "etag": "W/\"dee1973ba922c003acaa2efc4a57aa9ae7362e3ec210c8a66664df1efb2c50d8\"",
            "id": "11320190",
            "ldap_dn": "",
            "members_count": 0,
            "name": "Admins",
            "node_id": "T_kwDOCxImPM4ArLt-",
            "parent_team_id": null,
            "privacy": "secret",
            "slug": "admins"
          },
          "sensitive_attributes": [],
          "private": "bnVsbA=="
        }
      ]
    },
    {
      "module": "module.team_admin",
      "mode": "managed",
      "type": "github_team_membership",
      "name": "team_membership",
      "provider": "provider[\"registry.terraform.io/hashicorp/github\"]",
      "instances": [
        {
          "index_key": "hulkong",
          "schema_version": 0,
          "attributes": {
            "etag": "W/\"ee127cf5c05678598cea8eef2bf958963333f9e4ce2e2fe1c69c4258f2d90c20\"",
            "id": "11320190:Hulkong",
            "role": "member",
            "team_id": "11320190",
            "username": "Hulkong"
          },
          "sensitive_attributes": [],
          "private": "bnVsbA==",
          "dependencies": [
            "module.team_admin.github_team.team"
          ]
        },
        {
          "index_key": "rednine9777",
          "schema_version": 0,
          "attributes": {
            "etag": "W/\"84abcc4fc26e5c44c02f031f18ae84b45c93c80d9e89f211a9148f2e9fd91e1c\"",
            "id": "11320190:rednine9777",
            "role": "member",
            "team_id": "11320190",
            "username": "rednine9777"
          },
          "sensitive_attributes": [],
          "private": "bnVsbA==",
          "dependencies": [
            "module.team_admin.github_team.team"
          ]
        }
      ]
    },
    {
      "module": "module.team_admin",
      "mode": "managed",
      "type": "github_team_repository",
      "name": "team_repository",
      "provider": "provider[\"registry.terraform.io/hashicorp/github\"]",
      "instances": [
        {
          "index_key": "test-repository02",
          "schema_version": 0,
          "attributes": {
            "etag": "W/\"c3e5028904fe2fc758b2baaca1ae0ff5ca4ce14c2ecc96fe5d86f1035b98f4b8\"",
            "id": "11320190:test-repository02",
            "permission": "admin",
            "repository": "test-repository02",
            "team_id": "11320190"
          },
          "sensitive_attributes": [],
          "private": "bnVsbA==",
          "dependencies": [
            "module.team_admin.github_team.team"
          ]
        }
      ]
    },
    {
      "module": "module.team_backend",
      "mode": "managed",
      "type": "github_team",
      "name": "team",
      "provider": "provider[\"registry.terraform.io/hashicorp/github\"]",
      "instances": [
        {
          "schema_version": 0,
          "attributes": {
            "create_default_maintainer": false,
            "description": "",
            "etag": "W/\"b2cf9c8c142b7cce44352a3cb79d37a6b95e3f4f422c408fc719805cdfebd8fd\"",
            "id": "11320195",
            "ldap_dn": "",
            "members_count": 0,
            "name": "Backend",
            "node_id": "T_kwDOCxImPM4ArLuD",
            "parent_team_id": null,
            "privacy": "closed",
            "slug": "backend"
          },
          "sensitive_attributes": [],
          "private": "bnVsbA=="
        }
      ]
    },
    {
      "module": "module.team_backend_child_01",
      "mode": "managed",
      "type": "github_team",
      "name": "team",
      "provider": "provider[\"registry.terraform.io/hashicorp/github\"]",
      "instances": [
        {
          "schema_version": 0,
          "attributes": {
            "create_default_maintainer": false,
            "description": "",
            "etag": "W/\"e4b05446975f3179c9d63eadec368e0c97722bf51772109d3a3c5ee7f652838d\"",
            "id": "11320208",
            "ldap_dn": "",
            "members_count": 0,
            "name": "Backend Manager",
            "node_id": "T_kwDOCxImPM4ArLuQ",
            "parent_team_id": 11320195,
            "privacy": "closed",
            "slug": "backend-manager"
          },
          "sensitive_attributes": [],
          "private": "bnVsbA==",
          "dependencies": [
            "module.team_backend.github_team.team"
          ]
        }
      ]
    },
    {
      "module": "module.team_data",
      "mode": "managed",
      "type": "github_team",
      "name": "team",
      "provider": "provider[\"registry.terraform.io/hashicorp/github\"]",
      "instances": [
        {
          "schema_version": 0,
          "attributes": {
            "create_default_maintainer": false,
            "description": "",
            "etag": "W/\"73f7cf4c7598f5d4bbad4110477b0b47c3fa6575e39d2c4be6171bcabea98696\"",
            "id": "11320192",
            "ldap_dn": "",
            "members_count": 0,
            "name": "Data",
            "node_id": "T_kwDOCxImPM4ArLuA",
            "parent_team_id": null,
            "privacy": "secret",
            "slug": "data"
          },
          "sensitive_attributes": [],
          "private": "bnVsbA=="
        }
      ]
    },
    {
      "module": "module.team_data",
      "mode": "managed",
      "type": "github_team_repository",
      "name": "team_repository",
      "provider": "provider[\"registry.terraform.io/hashicorp/github\"]",
      "instances": [
        {
          "index_key": "test-repository02",
          "schema_version": 0,
          "attributes": {
            "etag": "W/\"dee14f6bef7f44ef920e52ffedbd62b874c6275e8dce5253346e390b5a5b0ad0\"",
            "id": "11320192:test-repository02",
            "permission": "push",
            "repository": "test-repository02",
            "team_id": "11320192"
          },
          "sensitive_attributes": [],
          "private": "bnVsbA==",
          "dependencies": [
            "module.team_data.github_team.team"
          ]
        }
      ]
    },
    {
      "module": "module.team_devops",
      "mode": "managed",
      "type": "github_team",
      "name": "team",
      "provider": "provider[\"registry.terraform.io/hashicorp/github\"]",
      "instances": [
        {
          "schema_version": 0,
          "attributes": {
            "create_default_maintainer": false,
            "description": "",
            "etag": "W/\"2d675d93732cfd4932f652bf12745cffcfe617a2eb574823af75b5ea5000e377\"",
            "id": "11320289",
            "ldap_dn": "",
            "members_count": 0,
            "name": "DevOps",
            "node_id": "T_kwDOCxImPM4ArLvh",
            "parent_team_id": null,
            "privacy": "secret",
            "slug": "devops"
          },
          "sensitive_attributes": [],
          "private": "bnVsbA=="
        }
      ]
    },
    {
      "module": "module.team_devops",
      "mode": "managed",
      "type": "github_team_membership",
      "name": "team_membership",
      "provider": "provider[\"registry.terraform.io/hashicorp/github\"]",
      "instances": [
        {
          "index_key": "hulkong2",
          "schema_version": 0,
          "attributes": {
            "etag": "W/\"21defe0d4f006d3e66be285fa72da6dee980763012a71bdd6aa39570fe6e7e39\"",
            "id": "11320289:hulkong2",
            "role": "member",
            "team_id": "11320289",
            "username": "hulkong2"
          },
          "sensitive_attributes": [],
          "private": "bnVsbA==",
          "dependencies": [
            "module.team_devops.github_team.team"
          ]
        },
        {
          "index_key": "rednine9777",
          "schema_version": 0,
          "attributes": {
            "etag": "W/\"09295cf2b03e3ef2b26ba8319751f72296e9dbc04a3aa8719f4b8a20fd68ae50\"",
            "id": "11320289:rednine9777",
            "role": "member",
            "team_id": "11320289",
            "username": "rednine9777"
          },
          "sensitive_attributes": [],
          "private": "bnVsbA==",
          "dependencies": [
            "module.team_devops.github_team.team"
          ]
        }
      ]
    },
    {
      "module": "module.team_devops",
      "mode": "managed",
      "type": "github_team_repository",
      "name": "team_repository",
      "provider": "provider[\"registry.terraform.io/hashicorp/github\"]",
      "instances": [
        {
          "index_key": "test-repository02",
          "schema_version": 0,
          "attributes": {
            "etag": "W/\"c3e5028904fe2fc758b2baaca1ae0ff5ca4ce14c2ecc96fe5d86f1035b98f4b8\"",
            "id": "11320289:test-repository02",
            "permission": "admin",
            "repository": "test-repository02",
            "team_id": "11320289"
          },
          "sensitive_attributes": [],
          "private": "bnVsbA==",
          "dependencies": [
            "module.team_devops.github_team.team"
          ]
        }
      ]
    },
    {
      "module": "module.team_frontend",
      "mode": "managed",
      "type": "github_team",
      "name": "team",
      "provider": "provider[\"registry.terraform.io/hashicorp/github\"]",
      "instances": [
        {
          "schema_version": 0,
          "attributes": {
            "create_default_maintainer": false,
            "description": "",
            "etag": "W/\"150a4875881d15549beb14b6922b2548fec03d044899cf6abe72a63e38aed1e2\"",
            "id": "11320196",
            "ldap_dn": "",
            "members_count": 0,
            "name": "Frontend",
            "node_id": "T_kwDOCxImPM4ArLuE",
            "parent_team_id": null,
            "privacy": "secret",
            "slug": "frontend"
          },
          "sensitive_attributes": [],
          "private": "bnVsbA=="
        }
      ]
    },
    {
      "module": "module.team_partner",
      "mode": "managed",
      "type": "github_team",
      "name": "team",
      "provider": "provider[\"registry.terraform.io/hashicorp/github\"]",
      "instances": [
        {
          "schema_version": 0,
          "attributes": {
            "create_default_maintainer": false,
            "description": "",
            "etag": "W/\"acfda7f8a7a056f9fa0cf2a9c27f2eec7c4d1a413e4dea1535fc358ff657b4cb\"",
            "id": "11320191",
            "ldap_dn": "",
            "members_count": 0,
            "name": "Partner",
            "node_id": "T_kwDOCxImPM4ArLt_",
            "parent_team_id": null,
            "privacy": "secret",
            "slug": "partner"
          },
          "sensitive_attributes": [],
          "private": "bnVsbA=="
        }
      ]
    },
    {
      "module": "module.team_secops",
      "mode": "managed",
      "type": "github_team",
      "name": "team",
      "provider": "provider[\"registry.terraform.io/hashicorp/github\"]",
      "instances": [
        {
          "schema_version": 0,
          "attributes": {
            "create_default_maintainer": false,
            "description": "",
            "etag": "W/\"43e126fbc83c9228de21ef582c1cd630de35a7ca1de88f19cf38c8a2e02ae652\"",
            "id": "11320189",
            "ldap_dn": "",
            "members_count": 0,
            "name": "SecOps",
            "node_id": "T_kwDOCxImPM4ArLt9",
            "parent_team_id": null,
            "privacy": "secret",
            "slug": "secops"
          },
          "sensitive_attributes": [],
          "private": "bnVsbA=="
        }
      ]
    },
    {
      "module": "module.team_secops",
      "mode": "managed",
      "type": "github_team_repository",
      "name": "team_repository",
      "provider": "provider[\"registry.terraform.io/hashicorp/github\"]",
      "instances": [
        {
          "index_key": "test-repository02",
          "schema_version": 0,
          "attributes": {
            "etag": "W/\"dee14f6bef7f44ef920e52ffedbd62b874c6275e8dce5253346e390b5a5b0ad0\"",
            "id": "11320189:test-repository02",
            "permission": "push",
            "repository": "test-repository02",
            "team_id": "11320189"
          },
          "sensitive_attributes": [],
          "private": "bnVsbA==",
          "dependencies": [
            "module.team_secops.github_team.team"
          ]
        }
      ]
    }
  ],
  "check_results": null
}
